
Microsoft Visual Studio Solution File, Format Version 12.00
# Visual Studio Version 17
VisualStudioVersion = 17.1.32414.318
MinimumVisualStudioVersion = 10.0.40219.1
Project("{9A19103F-16F7-4668-BE54-9A1E7A4F7556}") = "MutationTesting", "src\MutationTesting\MutationTesting.csproj", "{5158111E-18CD-4D1A-901F-2920DAD2CE03}"
EndProject
Project("{FAE04EC0-301F-11D3-BF4B-00C04F79EFBC}") = "MutationTesting.UnitTests", "tests\MutationTesting.UnitTests\MutationTesting.UnitTests.csproj", "{718B10E7-DF40-4228-A93C-5AD2859BFE0D}"
EndProject
Project("{FAE04EC0-301F-11D3-BF4B-00C04F79EFBC}") = "Reservation.Domains", "src\Reservation.Domains\Reservation.Domains.csproj", "{6838066F-2CD2-4A5A-B96C-3BB3865265D2}"
EndProject
Project("{FAE04EC0-301F-11D3-BF4B-00C04F79EFBC}") = "Reservation.Api", "src\Reservation.Api\Reservation.Api.csproj", "{18304DEB-C085-411D-9B05-BEE650E66889}"
EndProject
Global
	GlobalSection(SolutionConfigurationPlatforms) = preSolution
		Debug|Any CPU = Debug|Any CPU
		Release|Any CPU = Release|Any CPU
	EndGlobalSection
	GlobalSection(ProjectConfigurationPlatforms) = postSolution
		{5158111E-18CD-4D1A-901F-2920DAD2CE03}.Debug|Any CPU.ActiveCfg = Debug|Any CPU
		{5158111E-18CD-4D1A-901F-2920DAD2CE03}.Debug|Any CPU.Build.0 = Debug|Any CPU
		{5158111E-18CD-4D1A-901F-2920DAD2CE03}.Release|Any CPU.ActiveCfg = Release|Any CPU
		{5158111E-18CD-4D1A-901F-2920DAD2CE03}.Release|Any CPU.Build.0 = Release|Any CPU
		{718B10E7-DF40-4228-A93C-5AD2859BFE0D}.Debug|Any CPU.ActiveCfg = Debug|Any CPU
		{718B10E7-DF40-4228-A93C-5AD2859BFE0D}.Debug|Any CPU.Build.0 = Debug|Any CPU
		{718B10E7-DF40-4228-A93C-5AD2859BFE0D}.Release|Any CPU.ActiveCfg = Release|Any CPU
		{718B10E7-DF40-4228-A93C-5AD2859BFE0D}.Release|Any CPU.Build.0 = Release|Any CPU
		{6838066F-2CD2-4A5A-B96C-3BB3865265D2}.Debug|Any CPU.ActiveCfg = Debug|Any CPU
		{6838066F-2CD2-4A5A-B96C-3BB3865265D2}.Debug|Any CPU.Build.0 = Debug|Any CPU
		{6838066F-2CD2-4A5A-B96C-3BB3865265D2}.Release|Any CPU.ActiveCfg = Release|Any CPU
		{6838066F-2CD2-4A5A-B96C-3BB3865265D2}.Release|Any CPU.Build.0 = Release|Any CPU
		{18304DEB-C085-411D-9B05-BEE650E66889}.Debug|Any CPU.ActiveCfg = Debug|Any CPU
		{18304DEB-C085-411D-9B05-BEE650E66889}.Debug|Any CPU.Build.0 = Debug|Any CPU
		{18304DEB-C085-411D-9B05-BEE650E66889}.Release|Any CPU.ActiveCfg = Release|Any CPU
		{18304DEB-C085-411D-9B05-BEE650E66889}.Release|Any CPU.Build.0 = Release|Any CPU
	EndGlobalSection
	GlobalSection(SolutionProperties) = preSolution
		HideSolutionNode = FALSE
	EndGlobalSection
	GlobalSection(ExtensibilityGlobals) = postSolution
		SolutionGuid = {40FB2C8B-9457-439D-8571-9147CBB42938}
	EndGlobalSection
EndGlobal
